# This file is automatically generated.
# It is not intended for manual editing.
version = 1

[[packages]]
name = "cosmonic:kafka"
registry = "cosmonic.com"

[[packages.versions]]
requirement = "=0.3.0"
version = "0.3.0"
digest = "sha256:99868318291e8e01489ad9f0d4610d305210dd904a2ba89e538c722df9a5bc8c"

[[packages]]
name = "wasi:cli"
registry = "wasi.dev"

[[packages.versions]]
requirement = "=0.2.0"
version = "0.2.0"
digest = "sha256:e7e85458e11caf76554b724ebf4f113259decf0f3b1ee2e2930de096f72114a7"
